
Microsoft Visual Studio Solution File, Format Version 12.00
Project("{FAE04EC0-301F-11D3-BF4B-00C04F79EFBC}") = "WarriorFight", "WarriorFight.csproj", "{DE48D467-B77C-4FC7-B416-4F4994A43238}"
EndProject
Global
	GlobalSection(SolutionConfigurationPlatforms) = preSolution
		Debug|Any CPU = Debug|Any CPU
		Release|Any CPU = Release|Any CPU
	EndGlobalSection
	GlobalSection(ProjectConfigurationPlatforms) = postSolution
		{DE48D467-B77C-4FC7-B416-4F4994A43238}.Debug|Any CPU.ActiveCfg = Debug|Any CPU
		{DE48D467-B77C-4FC7-B416-4F4994A43238}.Debug|Any CPU.Build.0 = Debug|Any CPU
		{DE48D467-B77C-4FC7-B416-4F4994A43238}.Release|Any CPU.ActiveCfg = Release|Any CPU
		{DE48D467-B77C-4FC7-B416-4F4994A43238}.Release|Any CPU.Build.0 = Release|Any CPU
	EndGlobalSection
EndGlobal
