
Microsoft Visual Studio Solution File, Format Version 12.00
Project("{FAE04EC0-301F-11D3-BF4B-00C04F79EFBC}") = "OOPContinued", "OOPContinued.csproj", "{CF60B87D-E574-4666-97D6-8951864E40AE}"
EndProject
Global
	GlobalSection(SolutionConfigurationPlatforms) = preSolution
		Debug|Any CPU = Debug|Any CPU
		Release|Any CPU = Release|Any CPU
	EndGlobalSection
	GlobalSection(ProjectConfigurationPlatforms) = postSolution
		{CF60B87D-E574-4666-97D6-8951864E40AE}.Debug|Any CPU.ActiveCfg = Debug|Any CPU
		{CF60B87D-E574-4666-97D6-8951864E40AE}.Debug|Any CPU.Build.0 = Debug|Any CPU
		{CF60B87D-E574-4666-97D6-8951864E40AE}.Release|Any CPU.ActiveCfg = Release|Any CPU
		{CF60B87D-E574-4666-97D6-8951864E40AE}.Release|Any CPU.Build.0 = Release|Any CPU
	EndGlobalSection
EndGlobal
